<?xml version="1.0" encoding="utf-8"?>
<Project ToolsVersion="4.0" xmlns="http://schemas.microsoft.com/developer/msbuild/2003">
  <ItemGroup>
    <Filter Include="Header Files">
      <UniqueIdentifier>{e64dc692-a7a4-49c4-997c-12c5a3f9e130}</UniqueIdentifier>
      <Extensions>*.h</Extensions>
    </Filter>
    <Filter Include="Source Files">
      <UniqueIdentifier>{b8ac5881-a2bd-4adb-b1aa-d5d355b6c39a}</UniqueIdentifier>
      <Extensions>*.c</Extensions>
    </Filter>
  </ItemGroup>
  <ItemGroup>
    <ClInclude Include="Cmdlib.h">
      <Filter>Header Files</Filter>
    </ClInclude>
    <ClInclude Include="hcc.H">
      <Filter>Header Files</Filter>
    </ClInclude>
    <ClInclude Include="Pr_comp.h">
      <Filter>Header Files</Filter>
    </ClInclude>
    <ClInclude Include="tyrlog.h">
      <Filter>Header Files</Filter>
    </ClInclude>
  </ItemGroup>
  <ItemGroup>
    <ClCompile Include="Cmdlib.c">
      <Filter>Source Files</Filter>
    </ClCompile>
    <ClCompile Include="expr.c">
      <Filter>Source Files</Filter>
    </ClCompile>
    <ClCompile Include="hcc.C">
      <Filter>Source Files</Filter>
    </ClCompile>
    <ClCompile Include="Pr_comp.c">
      <Filter>Source Files</Filter>
    </ClCompile>
    <ClCompile Include="Pr_lex.c">
      <Filter>Source Files</Filter>
    </ClCompile>
    <ClCompile Include="stmt.c">
      <Filter>Source Files</Filter>
    </ClCompile>
    <ClCompile Include="tyrlog.c">
      <Filter>Source Files</Filter>
    </ClCompile>
  </ItemGroup>
</Project>