<?xml version="1.0" encoding="utf-8"?>
<Project ToolsVersion="4.0" xmlns="http://schemas.microsoft.com/developer/msbuild/2003">
  <ItemGroup>
    <Filter Include="Source Files">
      <UniqueIdentifier>{2656324b-6036-489e-a74c-ab858169f7a1}</UniqueIdentifier>
      <Extensions>cpp;c;cxx;rc;def;r;odl;hpj;bat;for;f90</Extensions>
    </Filter>
    <Filter Include="Header Files">
      <UniqueIdentifier>{25f03fb5-c222-4ef3-a5f7-c058db75ffde}</UniqueIdentifier>
      <Extensions>h;hpp;hxx;hm;inl;fi;fd</Extensions>
    </Filter>
    <Filter Include="Resource Files">
      <UniqueIdentifier>{91f08189-100f-41be-a4df-ebd0651b565b}</UniqueIdentifier>
      <Extensions>ico;cur;bmp;dlg;rc2;rct;bin;cnt;rtf;gif;jpg;jpeg;jpe</Extensions>
    </Filter>
  </ItemGroup>
  <ItemGroup>
    <ClCompile Include="cmdlib.c">
      <Filter>Source Files</Filter>
    </ClCompile>
    <ClCompile Include="images.c">
      <Filter>Source Files</Filter>
    </ClCompile>
    <ClCompile Include="lbmlib.c">
      <Filter>Source Files</Filter>
    </ClCompile>
    <ClCompile Include="mathlib.c">
      <Filter>Source Files</Filter>
    </ClCompile>
    <ClCompile Include="md4.c">
      <Filter>Source Files</Filter>
    </ClCompile>
    <ClCompile Include="qdata.c">
      <Filter>Source Files</Filter>
    </ClCompile>
    <ClCompile Include="scriplib.c">
      <Filter>Source Files</Filter>
    </ClCompile>
    <ClCompile Include="tyrlog.c">
      <Filter>Source Files</Filter>
    </ClCompile>
  </ItemGroup>
  <ItemGroup>
    <ClInclude Include="anorms.h">
      <Filter>Header Files</Filter>
    </ClInclude>
    <ClInclude Include="cmdlib.h">
      <Filter>Header Files</Filter>
    </ClInclude>
    <ClInclude Include="lbmlib.h">
      <Filter>Header Files</Filter>
    </ClInclude>
    <ClInclude Include="mathlib.h">
      <Filter>Header Files</Filter>
    </ClInclude>
    <ClInclude Include="qdata.h">
      <Filter>Header Files</Filter>
    </ClInclude>
    <ClInclude Include="qfiles.h">
      <Filter>Header Files</Filter>
    </ClInclude>
    <ClInclude Include="scriplib.h">
      <Filter>Header Files</Filter>
    </ClInclude>
    <ClInclude Include="tyrlog.h">
      <Filter>Header Files</Filter>
    </ClInclude>
  </ItemGroup>
  <ItemGroup>
    <CustomBuildStep Include="modelgen.h">
      <Filter>Header Files</Filter>
    </CustomBuildStep>
  </ItemGroup>
</Project>