Microsoft Visual Studio Solution File, Format Version 12.00
# Visual Studio 2012
Project("{8BC9CEB8-8B4A-11D0-8D11-00A0C91BC942}") = "genmodel", "genmodel.vcxproj", "{6880F7F7-51F6-B0C1-D8B1-0134280D8A3B}"
EndProject
Global
	GlobalSection(SolutionConfigurationPlatforms) = preSolution
		Debug|Win32 = Debug|Win32
		Release|Win32 = Release|Win32
	EndGlobalSection
	GlobalSection(ProjectConfigurationPlatforms) = postSolution
		{6880F7F7-51F6-B0C1-D8B1-0134280D8A3B}.Debug|Win32.ActiveCfg = Debug|Win32
		{6880F7F7-51F6-B0C1-D8B1-0134280D8A3B}.Release|Win32.ActiveCfg = Release|Win32
		{6880F7F7-51F6-B0C1-D8B1-0134280D8A3B}.Release|Win32.Build.0 = Release|Win32
	EndGlobalSection
	GlobalSection(SolutionProperties) = preSolution
		HideSolutionNode = FALSE
	EndGlobalSection
EndGlobal
